
Microsoft Visual Studio Solution File, Format Version 12.00
# Visual Studio Version 17
VisualStudioVersion = 17.14.36616.10 d17.14
MinimumVisualStudioVersion = 10.0.40219.1
Project("{FAE04EC0-301F-11D3-BF4B-00C04F79EFBC}") = "RestaurantOrderDay10", "RestaurantOrderDay10\RestaurantOrderDay10.csproj", "{0638BA18-C91F-4325-956B-6B1BB8DED82A}"
EndProject
Global
	GlobalSection(SolutionConfigurationPlatforms) = preSolution
		Debug|Any CPU = Debug|Any CPU
		Release|Any CPU = Release|Any CPU
	EndGlobalSection
	GlobalSection(ProjectConfigurationPlatforms) = postSolution
		{0638BA18-C91F-4325-956B-6B1BB8DED82A}.Debug|Any CPU.ActiveCfg = Debug|Any CPU
		{0638BA18-C91F-4325-956B-6B1BB8DED82A}.Debug|Any CPU.Build.0 = Debug|Any CPU
		{0638BA18-C91F-4325-956B-6B1BB8DED82A}.Release|Any CPU.ActiveCfg = Release|Any CPU
		{0638BA18-C91F-4325-956B-6B1BB8DED82A}.Release|Any CPU.Build.0 = Release|Any CPU
	EndGlobalSection
	GlobalSection(SolutionProperties) = preSolution
		HideSolutionNode = FALSE
	EndGlobalSection
	GlobalSection(ExtensibilityGlobals) = postSolution
		SolutionGuid = {ED270EDA-DC9A-4A5E-85B7-1B17AD7E9F68}
	EndGlobalSection
EndGlobal
