
Microsoft Visual Studio Solution File, Format Version 12.00
# Visual Studio Version 17
VisualStudioVersion = 17.14.36616.10 d17.14
MinimumVisualStudioVersion = 10.0.40219.1
Project("{FAE04EC0-301F-11D3-BF4B-00C04F79EFBC}") = "HumanResourcesApplication", "HumanResourcesApplication\HumanResourcesApplication.csproj", "{DDFF92B2-B8A4-4514-8AB2-62E770AAEF6E}"
EndProject
Global
	GlobalSection(SolutionConfigurationPlatforms) = preSolution
		Debug|Any CPU = Debug|Any CPU
		Release|Any CPU = Release|Any CPU
	EndGlobalSection
	GlobalSection(ProjectConfigurationPlatforms) = postSolution
		{DDFF92B2-B8A4-4514-8AB2-62E770AAEF6E}.Debug|Any CPU.ActiveCfg = Debug|Any CPU
		{DDFF92B2-B8A4-4514-8AB2-62E770AAEF6E}.Debug|Any CPU.Build.0 = Debug|Any CPU
		{DDFF92B2-B8A4-4514-8AB2-62E770AAEF6E}.Release|Any CPU.ActiveCfg = Release|Any CPU
		{DDFF92B2-B8A4-4514-8AB2-62E770AAEF6E}.Release|Any CPU.Build.0 = Release|Any CPU
	EndGlobalSection
	GlobalSection(SolutionProperties) = preSolution
		HideSolutionNode = FALSE
	EndGlobalSection
	GlobalSection(ExtensibilityGlobals) = postSolution
		SolutionGuid = {8AC3E626-0B06-4C67-BBB1-EB1D782A27C9}
	EndGlobalSection
EndGlobal
