
Microsoft Visual Studio Solution File, Format Version 12.00
# Visual Studio Version 17
VisualStudioVersion = 17.14.36616.10 d17.14
MinimumVisualStudioVersion = 10.0.40219.1
Project("{FAE04EC0-301F-11D3-BF4B-00C04F79EFBC}") = "MethodOverLoading_02", "MethodOverLoading_02\MethodOverLoading_02.csproj", "{A59E04EE-EB98-44C7-A5A8-64486E20BA8A}"
EndProject
Global
	GlobalSection(SolutionConfigurationPlatforms) = preSolution
		Debug|Any CPU = Debug|Any CPU
		Release|Any CPU = Release|Any CPU
	EndGlobalSection
	GlobalSection(ProjectConfigurationPlatforms) = postSolution
		{A59E04EE-EB98-44C7-A5A8-64486E20BA8A}.Debug|Any CPU.ActiveCfg = Debug|Any CPU
		{A59E04EE-EB98-44C7-A5A8-64486E20BA8A}.Debug|Any CPU.Build.0 = Debug|Any CPU
		{A59E04EE-EB98-44C7-A5A8-64486E20BA8A}.Release|Any CPU.ActiveCfg = Release|Any CPU
		{A59E04EE-EB98-44C7-A5A8-64486E20BA8A}.Release|Any CPU.Build.0 = Release|Any CPU
	EndGlobalSection
	GlobalSection(SolutionProperties) = preSolution
		HideSolutionNode = FALSE
	EndGlobalSection
	GlobalSection(ExtensibilityGlobals) = postSolution
		SolutionGuid = {601EF34E-86D7-4658-B0DA-23FFEDE3755F}
	EndGlobalSection
EndGlobal
